{"format_version":"0.1","terraform_version":"0.15.3","planned_values":{"root_module":{"child_modules":[{"resources":[{"address":"module.postgressql.azurerm_postgresql_server.terraform_example","mode":"managed","type":"azurerm_postgresql_server","name":"terraform_example","provider_name":"registry.terraform.io/hashicorp/azurerm","schema_version":0,"values":{"administrator_login":"psqladminun","administrator_login_password":"H@Sh1CoR3!","auto_grow_enabled":true,"backup_retention_days":7,"create_mode":"Default","creation_source_server_id":null,"geo_redundant_backup_enabled":true,"identity":[],"infrastructure_encryption_enabled":null,"location":"westeurope","name":"demo-terraform-psqlserver","public_network_access_enabled":false,"resource_group_name":"demo_terraform_resources","restore_point_in_time":null,"sku_name":"GP_Gen5_4","ssl_enforcement_enabled":true,"ssl_minimal_tls_version_enforced":"TLS1_2","storage_mb":640000,"tags":null,"threat_detection_policy":[],"timeouts":null,"version":"9.6"}},{"address":"module.postgressql.data.azurerm_resource_group.rg","mode":"data","type":"azurerm_resource_group","name":"rg","provider_name":"registry.terraform.io/hashicorp/azurerm","schema_version":0,"values":{"name":"demo_terraform_resources"}}],"address":"module.postgressql"},{"resources":[{"address":"module.resource_groups.azurerm_resource_group.main","mode":"managed","type":"azurerm_resource_group","name":"main","provider_name":"registry.terraform.io/hashicorp/azurerm","schema_version":0,"values":{"location":"westeurope","name":"demo_terraform_resources","tags":null,"timeouts":null}}],"address":"module.resource_groups"},{"resources":[{"address":"module.virtual_machine.azurerm_network_interface.main","mode":"managed","type":"azurerm_network_interface","name":"main","provider_name":"registry.terraform.io/hashicorp/azurerm","schema_version":0,"values":{"enable_accelerated_networking":false,"enable_ip_forwarding":false,"ip_configuration":[{"name":"testconfiguration1","private_ip_address_allocation":"dynamic","private_ip_address_version":"IPv4","public_ip_address_id":null}],"name":"demo_terraform_nic","resource_group_name":"demo_terraform_resources","tags":null,"timeouts":null}},{"address":"module.virtual_machine.azurerm_subnet.internal","mode":"managed","type":"azurerm_subnet","name":"internal","provider_name":"registry.terraform.io/hashicorp/azurerm","schema_version":0,"values":{"address_prefixes":["10.0.2.0/24"],"delegation":[],"enforce_private_link_endpoint_network_policies":false,"enforce_private_link_service_network_policies":false,"name":"internal","resource_group_name":"demo_terraform_resources","service_endpoint_policy_ids":null,"service_endpoints":null,"timeouts":null,"virtual_network_name":"demo_terraform_network"}},{"address":"module.virtual_machine.azurerm_virtual_machine.main","mode":"managed","type":"azurerm_virtual_machine","name":"main","provider_name":"registry.terraform.io/hashicorp/azurerm","schema_version":0,"values":{"additional_capabilities":[],"boot_diagnostics":[],"delete_data_disks_on_termination":false,"delete_os_disk_on_termination":false,"name":"demo_terraform_vm","os_profile":[{"admin_password":"Password1234!","admin_username":"testadmin","computer_name":"hostname"}],"os_profile_linux_config":[{"disable_password_authentication":false,"ssh_keys":[]}],"os_profile_secrets":[],"os_profile_windows_config":[],"plan":[],"primary_network_interface_id":null,"proximity_placement_group_id":null,"resource_group_name":"demo_terraform_resources","storage_image_reference":[{"id":"","offer":"UbuntuServer","publisher":"Canonical","sku":"16.04-LTS","version":"latest"}],"storage_os_disk":[{"caching":"ReadWrite","create_option":"FromImage","image_uri":null,"managed_disk_type":"Standard_LRS","name":"myosdisk1","vhd_uri":null,"write_accelerator_enabled":false}],"tags":{"environment":"staging"},"timeouts":null,"vm_size":"Standard_DS1_v2","zones":null}},{"address":"module.virtual_machine.azurerm_virtual_network.main","mode":"managed","type":"azurerm_virtual_network","name":"main","provider_name":"registry.terraform.io/hashicorp/azurerm","schema_version":0,"values":{"address_space":["10.0.0.0/16"],"bgp_community":null,"ddos_protection_plan":[],"dns_servers":null,"name":"demo_terraform_network","resource_group_name":"demo_terraform_resources","tags":null,"timeouts":null,"vm_protection_enabled":false}},{"address":"module.virtual_machine.data.azurerm_resource_group.rg","mode":"data","type":"azurerm_resource_group","name":"rg","provider_name":"registry.terraform.io/hashicorp/azurerm","schema_version":0,"values":{"name":"demo_terraform_resources"}}],"address":"module.virtual_machine"}]}},"resource_changes":[{"address":"module.postgressql.azurerm_postgresql_server.terraform_example","module_address":"module.postgressql","mode":"managed","type":"azurerm_postgresql_server","name":"terraform_example","provider_name":"registry.terraform.io/hashicorp/azurerm","change":{"actions":["delete","create"],"before":{"administrator_login":"psqladminun","administrator_login_password":"H@Sh1CoR3!","auto_grow_enabled":true,"backup_retention_days":7,"create_mode":"Default","creation_source_server_id":null,"fqdn":"demo-terraform-psqlserver.postgres.database.azure.com","geo_redundant_backup_enabled":true,"id":"/subscriptions/6392d180-7beb-4851-8c38-8d32bb52555f/resourceGroups/demo-terraform-resources/providers/Microsoft.DBforPostgreSQL/servers/demo-terraform-psqlserver","identity":[],"infrastructure_encryption_enabled":false,"location":"westeurope","name":"demo-terraform-psqlserver","public_network_access_enabled":false,"resource_group_name":"demo-terraform-resources","restore_point_in_time":null,"sku_name":"GP_Gen5_4","ssl_enforcement":"Enabled","ssl_enforcement_enabled":true,"ssl_minimal_tls_version_enforced":"TLS1_2","storage_mb":640000,"storage_profile":[{"auto_grow":"Enabled","backup_retention_days":7,"geo_redundant_backup":"Enabled","storage_mb":640000}],"tags":{},"threat_detection_policy":[],"timeouts":null,"version":"9.6"},"after":{"administrator_login":"psqladminun","administrator_login_password":"H@Sh1CoR3!","auto_grow_enabled":true,"backup_retention_days":7,"create_mode":"Default","creation_source_server_id":null,"geo_redundant_backup_enabled":true,"identity":[],"infrastructure_encryption_enabled":null,"location":"westeurope","name":"demo-terraform-psqlserver","public_network_access_enabled":false,"resource_group_name":"demo_terraform_resources","restore_point_in_time":null,"sku_name":"GP_Gen5_4","ssl_enforcement_enabled":true,"ssl_minimal_tls_version_enforced":"TLS1_2","storage_mb":640000,"tags":null,"threat_detection_policy":[],"timeouts":null,"version":"9.6"},"after_unknown":{"fqdn":true,"id":true,"identity":[],"ssl_enforcement":true,"storage_profile":true,"threat_detection_policy":[]},"before_sensitive":{"administrator_login_password":true,"identity":[],"storage_profile":[{}],"tags":{},"threat_detection_policy":[]},"after_sensitive":{"administrator_login_password":true,"identity":[],"storage_profile":[],"threat_detection_policy":[]},"replace_paths":[["resource_group_name"]]},"action_reason":"replace_because_cannot_update"},{"address":"module.postgressql.data.azurerm_resource_group.rg","module_address":"module.postgressql","mode":"data","type":"azurerm_resource_group","name":"rg","provider_name":"registry.terraform.io/hashicorp/azurerm","change":{"actions":["read"],"before":null,"after":{"name":"demo_terraform_resources"},"after_unknown":{"id":true,"location":true,"tags":true,"timeouts":true},"before_sensitive":false,"after_sensitive":{"tags":{},"timeouts":{}}}},{"address":"module.resource_groups.azurerm_resource_group.main","module_address":"module.resource_groups","mode":"managed","type":"azurerm_resource_group","name":"main","provider_name":"registry.terraform.io/hashicorp/azurerm","change":{"actions":["delete","create"],"before":{"id":"/subscriptions/6392d180-7beb-4851-8c38-8d32bb52555f/resourceGroups/demo-terraform-resources","location":"westeurope","name":"demo-terraform-resources","tags":{},"timeouts":null},"after":{"location":"westeurope","name":"demo_terraform_resources","tags":null,"timeouts":null},"after_unknown":{"id":true},"before_sensitive":{"tags":{}},"after_sensitive":{},"replace_paths":[["name"]]},"action_reason":"replace_because_cannot_update"},{"address":"module.virtual_machine.azurerm_network_interface.main","module_address":"module.virtual_machine","mode":"managed","type":"azurerm_network_interface","name":"main","provider_name":"registry.terraform.io/hashicorp/azurerm","change":{"actions":["delete","create"],"before":{"applied_dns_servers":[],"dns_servers":[],"enable_accelerated_networking":false,"enable_ip_forwarding":false,"id":"/subscriptions/6392d180-7beb-4851-8c38-8d32bb52555f/resourceGroups/demo-terraform-resources/providers/Microsoft.Network/networkInterfaces/demo-terraform-nic","internal_dns_name_label":"","internal_domain_name_suffix":"0xjaustsi3uenapceq30ggi5oc.ax.internal.cloudapp.net","ip_configuration":[{"name":"testconfiguration1","primary":true,"private_ip_address":"10.0.2.4","private_ip_address_allocation":"Dynamic","private_ip_address_version":"IPv4","public_ip_address_id":"","subnet_id":"/subscriptions/6392d180-7beb-4851-8c38-8d32bb52555f/resourceGroups/demo-terraform-resources/providers/Microsoft.Network/virtualNetworks/demo-terraform-network/subnets/internal"}],"location":"westeurope","mac_address":"00-22-48-7F-EE-3D","name":"demo-terraform-nic","private_ip_address":"10.0.2.4","private_ip_addresses":["10.0.2.4"],"resource_group_name":"demo-terraform-resources","tags":{},"timeouts":null,"virtual_machine_id":"/subscriptions/6392d180-7beb-4851-8c38-8d32bb52555f/resourceGroups/demo-terraform-resources/providers/Microsoft.Compute/virtualMachines/demo-terraform-vm"},"after":{"enable_accelerated_networking":false,"enable_ip_forwarding":false,"ip_configuration":[{"name":"testconfiguration1","private_ip_address_allocation":"dynamic","private_ip_address_version":"IPv4","public_ip_address_id":null}],"name":"demo_terraform_nic","resource_group_name":"demo_terraform_resources","tags":null,"timeouts":null},"after_unknown":{"applied_dns_servers":true,"dns_servers":true,"id":true,"internal_dns_name_label":true,"internal_domain_name_suffix":true,"ip_configuration":[{"primary":true,"private_ip_address":true,"subnet_id":true}],"location":true,"mac_address":true,"private_ip_address":true,"private_ip_addresses":true,"virtual_machine_id":true},"before_sensitive":{"applied_dns_servers":[],"dns_servers":[],"ip_configuration":[{}],"private_ip_addresses":[false],"tags":{}},"after_sensitive":{"applied_dns_servers":[],"dns_servers":[],"ip_configuration":[{}],"private_ip_addresses":[]},"replace_paths":[["location"],["name"],["resource_group_name"]]},"action_reason":"replace_because_cannot_update"},{"address":"module.virtual_machine.azurerm_subnet.internal","module_address":"module.virtual_machine","mode":"managed","type":"azurerm_subnet","name":"internal","provider_name":"registry.terraform.io/hashicorp/azurerm","change":{"actions":["delete","create"],"before":{"address_prefix":"10.0.2.0/24","address_prefixes":["10.0.2.0/24"],"delegation":[],"enforce_private_link_endpoint_network_policies":false,"enforce_private_link_service_network_policies":false,"id":"/subscriptions/6392d180-7beb-4851-8c38-8d32bb52555f/resourceGroups/demo-terraform-resources/providers/Microsoft.Network/virtualNetworks/demo-terraform-network/subnets/internal","name":"internal","resource_group_name":"demo-terraform-resources","service_endpoint_policy_ids":[],"service_endpoints":[],"timeouts":null,"virtual_network_name":"demo-terraform-network"},"after":{"address_prefixes":["10.0.2.0/24"],"delegation":[],"enforce_private_link_endpoint_network_policies":false,"enforce_private_link_service_network_policies":false,"name":"internal","resource_group_name":"demo_terraform_resources","service_endpoint_policy_ids":null,"service_endpoints":null,"timeouts":null,"virtual_network_name":"demo_terraform_network"},"after_unknown":{"address_prefix":true,"address_prefixes":[false],"delegation":[],"id":true},"before_sensitive":{"address_prefixes":[false],"delegation":[],"service_endpoint_policy_ids":[],"service_endpoints":[]},"after_sensitive":{"address_prefixes":[false],"delegation":[]},"replace_paths":[["virtual_network_name"],["resource_group_name"]]},"action_reason":"replace_because_cannot_update"},{"address":"module.virtual_machine.azurerm_virtual_machine.main","module_address":"module.virtual_machine","mode":"managed","type":"azurerm_virtual_machine","name":"main","provider_name":"registry.terraform.io/hashicorp/azurerm","change":{"actions":["delete","create"],"before":{"additional_capabilities":[],"availability_set_id":null,"boot_diagnostics":[],"delete_data_disks_on_termination":false,"delete_os_disk_on_termination":false,"id":"/subscriptions/6392d180-7beb-4851-8c38-8d32bb52555f/resourceGroups/demo-terraform-resources/providers/Microsoft.Compute/virtualMachines/demo-terraform-vm","identity":[],"license_type":null,"location":"westeurope","name":"demo-terraform-vm","network_interface_ids":["/subscriptions/6392d180-7beb-4851-8c38-8d32bb52555f/resourceGroups/demo-terraform-resources/providers/Microsoft.Network/networkInterfaces/demo-terraform-nic"],"os_profile":[{"admin_password":"","admin_username":"testadmin","computer_name":"hostname","custom_data":""}],"os_profile_linux_config":[{"disable_password_authentication":false,"ssh_keys":[]}],"os_profile_secrets":[],"os_profile_windows_config":[],"plan":[],"primary_network_interface_id":null,"proximity_placement_group_id":null,"resource_group_name":"demo-terraform-resources","storage_data_disk":[],"storage_image_reference":[{"id":"","offer":"UbuntuServer","publisher":"Canonical","sku":"16.04-LTS","version":"latest"}],"storage_os_disk":[{"caching":"ReadWrite","create_option":"FromImage","disk_size_gb":30,"image_uri":"","managed_disk_id":"/subscriptions/6392d180-7beb-4851-8c38-8d32bb52555f/resourceGroups/demo-terraform-resources/providers/Microsoft.Compute/disks/myosdisk1","managed_disk_type":"Standard_LRS","name":"myosdisk1","os_type":"Linux","vhd_uri":"","write_accelerator_enabled":false}],"tags":{"environment":"staging"},"timeouts":null,"vm_size":"Standard_DS1_v2","zones":[]},"after":{"additional_capabilities":[],"boot_diagnostics":[],"delete_data_disks_on_termination":false,"delete_os_disk_on_termination":false,"name":"demo_terraform_vm","os_profile":[{"admin_password":"Password1234!","admin_username":"testadmin","computer_name":"hostname"}],"os_profile_linux_config":[{"disable_password_authentication":false,"ssh_keys":[]}],"os_profile_secrets":[],"os_profile_windows_config":[],"plan":[],"primary_network_interface_id":null,"proximity_placement_group_id":null,"resource_group_name":"demo_terraform_resources","storage_image_reference":[{"id":"","offer":"UbuntuServer","publisher":"Canonical","sku":"16.04-LTS","version":"latest"}],"storage_os_disk":[{"caching":"ReadWrite","create_option":"FromImage","image_uri":null,"managed_disk_type":"Standard_LRS","name":"myosdisk1","vhd_uri":null,"write_accelerator_enabled":false}],"tags":{"environment":"staging"},"timeouts":null,"vm_size":"Standard_DS1_v2","zones":null},"after_unknown":{"additional_capabilities":[],"availability_set_id":true,"boot_diagnostics":[],"id":true,"identity":true,"license_type":true,"location":true,"network_interface_ids":true,"os_profile":[{"custom_data":true}],"os_profile_linux_config":[{"ssh_keys":[]}],"os_profile_secrets":[],"os_profile_windows_config":[],"plan":[],"storage_data_disk":true,"storage_image_reference":[{}],"storage_os_disk":[{"disk_size_gb":true,"managed_disk_id":true,"os_type":true}],"tags":{}},"before_sensitive":{"additional_capabilities":[],"boot_diagnostics":[],"identity":[],"network_interface_ids":[false],"os_profile":true,"os_profile_linux_config":[{"ssh_keys":[]}],"os_profile_secrets":[],"os_profile_windows_config":[],"plan":[],"storage_data_disk":[],"storage_image_reference":[{}],"storage_os_disk":[{}],"tags":{},"zones":[]},"after_sensitive":{"additional_capabilities":[],"boot_diagnostics":[],"identity":[],"network_interface_ids":[],"os_profile":true,"os_profile_linux_config":[{"ssh_keys":[]}],"os_profile_secrets":[],"os_profile_windows_config":[],"plan":[],"storage_data_disk":[],"storage_image_reference":[{}],"storage_os_disk":[{}],"tags":{}},"replace_paths":[["location"],["name"],["resource_group_name"]]},"action_reason":"replace_because_cannot_update"},{"address":"module.virtual_machine.azurerm_virtual_network.main","module_address":"module.virtual_machine","mode":"managed","type":"azurerm_virtual_network","name":"main","provider_name":"registry.terraform.io/hashicorp/azurerm","change":{"actions":["delete","create"],"before":{"address_space":["10.0.0.0/16"],"bgp_community":"","ddos_protection_plan":[],"dns_servers":[],"guid":"4a0ad2d5-4772-4668-81e2-243ba3191f72","id":"/subscriptions/6392d180-7beb-4851-8c38-8d32bb52555f/resourceGroups/demo-terraform-resources/providers/Microsoft.Network/virtualNetworks/demo-terraform-network","location":"westeurope","name":"demo-terraform-network","resource_group_name":"demo-terraform-resources","subnet":[{"address_prefix":"10.0.2.0/24","id":"/subscriptions/6392d180-7beb-4851-8c38-8d32bb52555f/resourceGroups/demo-terraform-resources/providers/Microsoft.Network/virtualNetworks/demo-terraform-network/subnets/internal","name":"internal","security_group":""}],"tags":{},"timeouts":null,"vm_protection_enabled":false},"after":{"address_space":["10.0.0.0/16"],"bgp_community":null,"ddos_protection_plan":[],"dns_servers":null,"name":"demo_terraform_network","resource_group_name":"demo_terraform_resources","tags":null,"timeouts":null,"vm_protection_enabled":false},"after_unknown":{"address_space":[false],"ddos_protection_plan":[],"guid":true,"id":true,"location":true,"subnet":true},"before_sensitive":{"address_space":[false],"ddos_protection_plan":[],"dns_servers":[],"subnet":[{}],"tags":{}},"after_sensitive":{"address_space":[false],"ddos_protection_plan":[],"subnet":[]},"replace_paths":[["location"],["name"],["resource_group_name"]]},"action_reason":"replace_because_cannot_update"},{"address":"module.virtual_machine.data.azurerm_resource_group.rg","module_address":"module.virtual_machine","mode":"data","type":"azurerm_resource_group","name":"rg","provider_name":"registry.terraform.io/hashicorp/azurerm","change":{"actions":["read"],"before":{"id":"/subscriptions/6392d180-7beb-4851-8c38-8d32bb52555f/resourceGroups/demo-terraform-resources","location":"westeurope","name":"demo-terraform-resources","tags":{},"timeouts":null},"after":{"name":"demo_terraform_resources"},"after_unknown":{"id":true,"location":true,"tags":true,"timeouts":true},"before_sensitive":{"tags":{}},"after_sensitive":{"tags":{},"timeouts":{}}}}],"prior_state":{"format_version":"0.1","terraform_version":"0.15.3","values":{"root_module":{"child_modules":[{"resources":[{"address":"module.postgressql.azurerm_postgresql_server.terraform_example","mode":"managed","type":"azurerm_postgresql_server","name":"terraform_example","provider_name":"registry.terraform.io/hashicorp/azurerm","schema_version":0,"values":{"administrator_login":"psqladminun","administrator_login_password":"H@Sh1CoR3!","auto_grow_enabled":true,"backup_retention_days":7,"create_mode":"Default","creation_source_server_id":null,"fqdn":"demo-terraform-psqlserver.postgres.database.azure.com","geo_redundant_backup_enabled":true,"id":"/subscriptions/6392d180-7beb-4851-8c38-8d32bb52555f/resourceGroups/demo-terraform-resources/providers/Microsoft.DBforPostgreSQL/servers/demo-terraform-psqlserver","identity":[],"infrastructure_encryption_enabled":false,"location":"westeurope","name":"demo-terraform-psqlserver","public_network_access_enabled":false,"resource_group_name":"demo-terraform-resources","restore_point_in_time":null,"sku_name":"GP_Gen5_4","ssl_enforcement":"Enabled","ssl_enforcement_enabled":true,"ssl_minimal_tls_version_enforced":"TLS1_2","storage_mb":640000,"storage_profile":[{"auto_grow":"Enabled","backup_retention_days":7,"geo_redundant_backup":"Enabled","storage_mb":640000}],"tags":{},"threat_detection_policy":[],"timeouts":null,"version":"9.6"},"depends_on":["module.postgressql.data.azurerm_resource_group.rg","module.resource_groups.azurerm_resource_group.main"]}],"address":"module.postgressql"},{"resources":[{"address":"module.resource_groups.azurerm_resource_group.main","mode":"managed","type":"azurerm_resource_group","name":"main","provider_name":"registry.terraform.io/hashicorp/azurerm","schema_version":0,"values":{"id":"/subscriptions/6392d180-7beb-4851-8c38-8d32bb52555f/resourceGroups/demo-terraform-resources","location":"westeurope","name":"demo-terraform-resources","tags":{},"timeouts":null}}],"address":"module.resource_groups"},{"resources":[{"address":"module.virtual_machine.azurerm_network_interface.main","mode":"managed","type":"azurerm_network_interface","name":"main","provider_name":"registry.terraform.io/hashicorp/azurerm","schema_version":0,"values":{"applied_dns_servers":[],"dns_servers":[],"enable_accelerated_networking":false,"enable_ip_forwarding":false,"id":"/subscriptions/6392d180-7beb-4851-8c38-8d32bb52555f/resourceGroups/demo-terraform-resources/providers/Microsoft.Network/networkInterfaces/demo-terraform-nic","internal_dns_name_label":"","internal_domain_name_suffix":"0xjaustsi3uenapceq30ggi5oc.ax.internal.cloudapp.net","ip_configuration":[{"name":"testconfiguration1","primary":true,"private_ip_address":"10.0.2.4","private_ip_address_allocation":"Dynamic","private_ip_address_version":"IPv4","public_ip_address_id":"","subnet_id":"/subscriptions/6392d180-7beb-4851-8c38-8d32bb52555f/resourceGroups/demo-terraform-resources/providers/Microsoft.Network/virtualNetworks/demo-terraform-network/subnets/internal"}],"location":"westeurope","mac_address":"00-22-48-7F-EE-3D","name":"demo-terraform-nic","private_ip_address":"10.0.2.4","private_ip_addresses":["10.0.2.4"],"resource_group_name":"demo-terraform-resources","tags":{},"timeouts":null,"virtual_machine_id":"/subscriptions/6392d180-7beb-4851-8c38-8d32bb52555f/resourceGroups/demo-terraform-resources/providers/Microsoft.Compute/virtualMachines/demo-terraform-vm"},"depends_on":["module.resource_groups.azurerm_resource_group.main","module.virtual_machine.azurerm_subnet.internal","module.virtual_machine.azurerm_virtual_network.main","module.virtual_machine.data.azurerm_resource_group.rg"]},{"address":"module.virtual_machine.azurerm_subnet.internal","mode":"managed","type":"azurerm_subnet","name":"internal","provider_name":"registry.terraform.io/hashicorp/azurerm","schema_version":0,"values":{"address_prefix":"10.0.2.0/24","address_prefixes":["10.0.2.0/24"],"delegation":[],"enforce_private_link_endpoint_network_policies":false,"enforce_private_link_service_network_policies":false,"id":"/subscriptions/6392d180-7beb-4851-8c38-8d32bb52555f/resourceGroups/demo-terraform-resources/providers/Microsoft.Network/virtualNetworks/demo-terraform-network/subnets/internal","name":"internal","resource_group_name":"demo-terraform-resources","service_endpoint_policy_ids":[],"service_endpoints":[],"timeouts":null,"virtual_network_name":"demo-terraform-network"},"depends_on":["module.resource_groups.azurerm_resource_group.main","module.virtual_machine.azurerm_virtual_network.main","module.virtual_machine.data.azurerm_resource_group.rg"]},{"address":"module.virtual_machine.azurerm_virtual_machine.main","mode":"managed","type":"azurerm_virtual_machine","name":"main","provider_name":"registry.terraform.io/hashicorp/azurerm","schema_version":0,"values":{"additional_capabilities":[],"availability_set_id":null,"boot_diagnostics":[],"delete_data_disks_on_termination":false,"delete_os_disk_on_termination":false,"id":"/subscriptions/6392d180-7beb-4851-8c38-8d32bb52555f/resourceGroups/demo-terraform-resources/providers/Microsoft.Compute/virtualMachines/demo-terraform-vm","identity":[],"license_type":null,"location":"westeurope","name":"demo-terraform-vm","network_interface_ids":["/subscriptions/6392d180-7beb-4851-8c38-8d32bb52555f/resourceGroups/demo-terraform-resources/providers/Microsoft.Network/networkInterfaces/demo-terraform-nic"],"os_profile":[{"admin_password":"","admin_username":"testadmin","computer_name":"hostname","custom_data":""}],"os_profile_linux_config":[{"disable_password_authentication":false,"ssh_keys":[]}],"os_profile_secrets":[],"os_profile_windows_config":[],"plan":[],"primary_network_interface_id":null,"proximity_placement_group_id":null,"resource_group_name":"demo-terraform-resources","storage_data_disk":[],"storage_image_reference":[{"id":"","offer":"UbuntuServer","publisher":"Canonical","sku":"16.04-LTS","version":"latest"}],"storage_os_disk":[{"caching":"ReadWrite","create_option":"FromImage","disk_size_gb":30,"image_uri":"","managed_disk_id":"/subscriptions/6392d180-7beb-4851-8c38-8d32bb52555f/resourceGroups/demo-terraform-resources/providers/Microsoft.Compute/disks/myosdisk1","managed_disk_type":"Standard_LRS","name":"myosdisk1","os_type":"Linux","vhd_uri":"","write_accelerator_enabled":false}],"tags":{"environment":"staging"},"timeouts":null,"vm_size":"Standard_DS1_v2","zones":[]},"depends_on":["module.resource_groups.azurerm_resource_group.main","module.virtual_machine.azurerm_network_interface.main","module.virtual_machine.azurerm_subnet.internal","module.virtual_machine.azurerm_virtual_network.main","module.virtual_machine.data.azurerm_resource_group.rg"]},{"address":"module.virtual_machine.azurerm_virtual_network.main","mode":"managed","type":"azurerm_virtual_network","name":"main","provider_name":"registry.terraform.io/hashicorp/azurerm","schema_version":0,"values":{"address_space":["10.0.0.0/16"],"bgp_community":"","ddos_protection_plan":[],"dns_servers":[],"guid":"4a0ad2d5-4772-4668-81e2-243ba3191f72","id":"/subscriptions/6392d180-7beb-4851-8c38-8d32bb52555f/resourceGroups/demo-terraform-resources/providers/Microsoft.Network/virtualNetworks/demo-terraform-network","location":"westeurope","name":"demo-terraform-network","resource_group_name":"demo-terraform-resources","subnet":[{"address_prefix":"10.0.2.0/24","id":"/subscriptions/6392d180-7beb-4851-8c38-8d32bb52555f/resourceGroups/demo-terraform-resources/providers/Microsoft.Network/virtualNetworks/demo-terraform-network/subnets/internal","name":"internal","security_group":""}],"tags":{},"timeouts":null,"vm_protection_enabled":false},"depends_on":["module.resource_groups.azurerm_resource_group.main","module.virtual_machine.data.azurerm_resource_group.rg"]}],"address":"module.virtual_machine"}]}}},"configuration":{"provider_config":{"azurerm":{"name":"azurerm","version_constraint":"2.46.0","expressions":{"client_id":{"constant_value":"6fcb6c56-c657-4315-b058-6b91752031f2"},"client_secret":{"constant_value":"22-JlZAFGr_-diAF6W1xKI-wJ9w4-W3ziL"},"features":[{}],"subscription_id":{"constant_value":"6392d180-7beb-4851-8c38-8d32bb52555f"},"tenant_id":{"constant_value":"6d2c78dd-1f85-4ccb-9ae3-cd5ea1cca361"}}}},"root_module":{"module_calls":{"postgressql":{"source":"../modules/postgressql","expressions":{"resource_group_location":{"references":["module.resource_groups.resource_group_location"]},"resource_group_name":{"references":["module.resource_groups.resource_group_name"]}},"module":{"resources":[{"address":"azurerm_postgresql_server.terraform_example","mode":"managed","type":"azurerm_postgresql_server","name":"terraform_example","provider_config_key":"postgressql:azurerm","expressions":{"administrator_login":{"constant_value":"psqladminun"},"administrator_login_password":{"constant_value":"H@Sh1CoR3!"},"auto_grow_enabled":{"constant_value":true},"backup_retention_days":{"constant_value":7},"geo_redundant_backup_enabled":{"constant_value":true},"location":{"constant_value":"West Europe"},"name":{"references":["var.prefix"]},"public_network_access_enabled":{"constant_value":false},"resource_group_name":{"references":["data.azurerm_resource_group.rg"]},"sku_name":{"constant_value":"GP_Gen5_4"},"ssl_enforcement_enabled":{"constant_value":true},"ssl_minimal_tls_version_enforced":{"constant_value":"TLS1_2"},"storage_mb":{"constant_value":640000},"version":{"constant_value":"9.6"}},"schema_version":0},{"address":"data.azurerm_resource_group.rg","mode":"data","type":"azurerm_resource_group","name":"rg","provider_config_key":"postgressql:azurerm","expressions":{"name":{"references":["var.resource_group_name"]}},"schema_version":0}],"variables":{"prefix":{"default":"demo-terraform"},"resource_group_location":{},"resource_group_name":{}}},"depends_on":["module.resource_groups"]},"resource_groups":{"source":"../modules/resource_groups","module":{"outputs":{"resource_group_location":{"expression":{"references":["azurerm_resource_group.main"]}},"resource_group_name":{"expression":{"references":["azurerm_resource_group.main"]}}},"resources":[{"address":"azurerm_resource_group.main","mode":"managed","type":"azurerm_resource_group","name":"main","provider_config_key":"resource_groups:azurerm","expressions":{"location":{"constant_value":"West Europe"},"name":{"references":["var.prefix"]}},"schema_version":0}],"variables":{"prefix":{"default":"demo_terraform"}}}},"virtual_machine":{"source":"../modules/vm","expressions":{"resource_group_location":{"references":["module.resource_groups.resource_group_location"]},"resource_group_name":{"references":["module.resource_groups.resource_group_name"]},"vm_name":{"constant_value":"vm_name"}},"module":{"resources":[{"address":"azurerm_network_interface.main","mode":"managed","type":"azurerm_network_interface","name":"main","provider_config_key":"virtual_machine:azurerm","expressions":{"ip_configuration":[{"name":{"constant_value":"testconfiguration1"},"private_ip_address_allocation":{"constant_value":"Dynamic"},"subnet_id":{"references":["azurerm_subnet.internal"]}}],"location":{"references":["data.azurerm_resource_group.rg"]},"name":{"references":["var.prefix"]},"resource_group_name":{"references":["data.azurerm_resource_group.rg"]}},"schema_version":0},{"address":"azurerm_subnet.internal","mode":"managed","type":"azurerm_subnet","name":"internal","provider_config_key":"virtual_machine:azurerm","expressions":{"address_prefixes":{"constant_value":["10.0.2.0/24"]},"name":{"constant_value":"internal"},"resource_group_name":{"references":["var.resource_group_name"]},"virtual_network_name":{"references":["azurerm_virtual_network.main"]}},"schema_version":0},{"address":"azurerm_virtual_machine.main","mode":"managed","type":"azurerm_virtual_machine","name":"main","provider_config_key":"virtual_machine:azurerm","expressions":{"location":{"references":["data.azurerm_resource_group.rg"]},"name":{"references":["var.prefix"]},"network_interface_ids":{"references":["azurerm_network_interface.main"]},"os_profile":[{"admin_password":{"constant_value":"Password1234!"},"admin_username":{"constant_value":"testadmin"},"computer_name":{"constant_value":"hostname"}}],"os_profile_linux_config":[{"disable_password_authentication":{"constant_value":false}}],"resource_group_name":{"references":["data.azurerm_resource_group.rg"]},"storage_image_reference":[{"offer":{"constant_value":"UbuntuServer"},"publisher":{"constant_value":"Canonical"},"sku":{"constant_value":"16.04-LTS"},"version":{"constant_value":"latest"}}],"storage_os_disk":[{"caching":{"constant_value":"ReadWrite"},"create_option":{"constant_value":"FromImage"},"managed_disk_type":{"constant_value":"Standard_LRS"},"name":{"constant_value":"myosdisk1"}}],"tags":{"constant_value":{"environment":"staging"}},"vm_size":{"constant_value":"Standard_DS1_v2"}},"schema_version":0},{"address":"azurerm_virtual_network.main","mode":"managed","type":"azurerm_virtual_network","name":"main","provider_config_key":"virtual_machine:azurerm","expressions":{"address_space":{"constant_value":["10.0.0.0/16"]},"location":{"references":["data.azurerm_resource_group.rg"]},"name":{"references":["var.prefix"]},"resource_group_name":{"references":["data.azurerm_resource_group.rg"]}},"schema_version":0},{"address":"data.azurerm_resource_group.rg","mode":"data","type":"azurerm_resource_group","name":"rg","provider_config_key":"virtual_machine:azurerm","expressions":{"name":{"references":["var.resource_group_name"]}},"schema_version":0}],"variables":{"prefix":{"default":"demo_terraform"},"resource_group_location":{},"resource_group_name":{},"vm_name":{"description":"VM Name"}}},"depends_on":["module.resource_groups"]}}}}}
